
Microsoft Visual Studio Solution File, Format Version 12.00
# Visual Studio Version 16
VisualStudioVersion = 16.0.30011.22
MinimumVisualStudioVersion = 10.0.40219.1
Project("{FAE04EC0-301F-11D3-BF4B-00C04F79EFBC}") = "PerfectPower", "PerfectPower\PerfectPower.csproj", "{5F0C3BAD-CFF2-4925-B2E5-BA1FE9A7F64B}"
EndProject
Global
	GlobalSection(SolutionConfigurationPlatforms) = preSolution
		Debug|Any CPU = Debug|Any CPU
		Release|Any CPU = Release|Any CPU
	EndGlobalSection
	GlobalSection(ProjectConfigurationPlatforms) = postSolution
		{5F0C3BAD-CFF2-4925-B2E5-BA1FE9A7F64B}.Debug|Any CPU.ActiveCfg = Debug|Any CPU
		{5F0C3BAD-CFF2-4925-B2E5-BA1FE9A7F64B}.Debug|Any CPU.Build.0 = Debug|Any CPU
		{5F0C3BAD-CFF2-4925-B2E5-BA1FE9A7F64B}.Release|Any CPU.ActiveCfg = Release|Any CPU
		{5F0C3BAD-CFF2-4925-B2E5-BA1FE9A7F64B}.Release|Any CPU.Build.0 = Release|Any CPU
	EndGlobalSection
	GlobalSection(SolutionProperties) = preSolution
		HideSolutionNode = FALSE
	EndGlobalSection
	GlobalSection(ExtensibilityGlobals) = postSolution
		SolutionGuid = {112C4865-A8A6-49D1-9605-B7F4DA28F751}
	EndGlobalSection
EndGlobal
